
Microsoft Visual Studio Solution File, Format Version 12.00
# Visual Studio Version 17
VisualStudioVersion = 17.11.35327.3
MinimumVisualStudioVersion = 10.0.40219.1
Project("{FAE04EC0-301F-11D3-BF4B-00C04F79EFBC}") = "estrutoras de repetição", "estrutoras de repetição.csproj", "{F20AB0F9-299D-4266-9F6B-B1308E3BD768}"
EndProject
Global
	GlobalSection(SolutionConfigurationPlatforms) = preSolution
		Debug|Any CPU = Debug|Any CPU
		Release|Any CPU = Release|Any CPU
	EndGlobalSection
	GlobalSection(ProjectConfigurationPlatforms) = postSolution
		{F20AB0F9-299D-4266-9F6B-B1308E3BD768}.Debug|Any CPU.ActiveCfg = Debug|Any CPU
		{F20AB0F9-299D-4266-9F6B-B1308E3BD768}.Debug|Any CPU.Build.0 = Debug|Any CPU
		{F20AB0F9-299D-4266-9F6B-B1308E3BD768}.Release|Any CPU.ActiveCfg = Release|Any CPU
		{F20AB0F9-299D-4266-9F6B-B1308E3BD768}.Release|Any CPU.Build.0 = Release|Any CPU
	EndGlobalSection
	GlobalSection(SolutionProperties) = preSolution
		HideSolutionNode = FALSE
	EndGlobalSection
	GlobalSection(ExtensibilityGlobals) = postSolution
		SolutionGuid = {EDEECEE9-65E0-43C3-B040-03522F186FE8}
	EndGlobalSection
EndGlobal
