
Microsoft Visual Studio Solution File, Format Version 12.00
# Visual Studio Version 17
VisualStudioVersion = 17.13.35806.99 d17.13
MinimumVisualStudioVersion = 10.0.40219.1
Project("{FAE04EC0-301F-11D3-BF4B-00C04F79EFBC}") = "Exercício 19", "Exercício 19.csproj", "{A46C7B94-D9C4-4B18-BB08-BD7AEC78CA88}"
EndProject
Global
	GlobalSection(SolutionConfigurationPlatforms) = preSolution
		Debug|Any CPU = Debug|Any CPU
		Release|Any CPU = Release|Any CPU
	EndGlobalSection
	GlobalSection(ProjectConfigurationPlatforms) = postSolution
		{A46C7B94-D9C4-4B18-BB08-BD7AEC78CA88}.Debug|Any CPU.ActiveCfg = Debug|Any CPU
		{A46C7B94-D9C4-4B18-BB08-BD7AEC78CA88}.Debug|Any CPU.Build.0 = Debug|Any CPU
		{A46C7B94-D9C4-4B18-BB08-BD7AEC78CA88}.Release|Any CPU.ActiveCfg = Release|Any CPU
		{A46C7B94-D9C4-4B18-BB08-BD7AEC78CA88}.Release|Any CPU.Build.0 = Release|Any CPU
	EndGlobalSection
	GlobalSection(SolutionProperties) = preSolution
		HideSolutionNode = FALSE
	EndGlobalSection
	GlobalSection(ExtensibilityGlobals) = postSolution
		SolutionGuid = {73FE6493-510C-424D-AD6B-1685C35508F7}
	EndGlobalSection
EndGlobal
